
Microsoft Visual Studio Solution File, Format Version 12.00
# Visual Studio 15
VisualStudioVersion = 15.0.27428.2005
MinimumVisualStudioVersion = 10.0.40219.1
Project("{9A19103F-16F7-4668-BE54-9A1E7A4F7556}") = "InquirerAPI", "InquirerAPI\InquirerAPI.csproj", "{BEB90062-8B44-4DFF-99A4-6158AF0F4D69}"
EndProject
Project("{9A19103F-16F7-4668-BE54-9A1E7A4F7556}") = "Inquirer", "Inquirer\Inquirer.csproj", "{8EF34A32-137A-4B18-830B-91EFE97BFC6E}"
EndProject
Project("{9A19103F-16F7-4668-BE54-9A1E7A4F7556}") = "InquirerDLL", "InquirerDLL\InquirerDLL.csproj", "{09C6C1AD-1283-491B-ABC9-E6844AC1632A}"
EndProject
Global
	GlobalSection(SolutionConfigurationPlatforms) = preSolution
		Debug|Any CPU = Debug|Any CPU
		Release|Any CPU = Release|Any CPU
	EndGlobalSection
	GlobalSection(ProjectConfigurationPlatforms) = postSolution
		{BEB90062-8B44-4DFF-99A4-6158AF0F4D69}.Debug|Any CPU.ActiveCfg = Debug|Any CPU
		{BEB90062-8B44-4DFF-99A4-6158AF0F4D69}.Debug|Any CPU.Build.0 = Debug|Any CPU
		{BEB90062-8B44-4DFF-99A4-6158AF0F4D69}.Release|Any CPU.ActiveCfg = Release|Any CPU
		{BEB90062-8B44-4DFF-99A4-6158AF0F4D69}.Release|Any CPU.Build.0 = Release|Any CPU
		{8EF34A32-137A-4B18-830B-91EFE97BFC6E}.Debug|Any CPU.ActiveCfg = Debug|Any CPU
		{8EF34A32-137A-4B18-830B-91EFE97BFC6E}.Debug|Any CPU.Build.0 = Debug|Any CPU
		{8EF34A32-137A-4B18-830B-91EFE97BFC6E}.Release|Any CPU.ActiveCfg = Release|Any CPU
		{8EF34A32-137A-4B18-830B-91EFE97BFC6E}.Release|Any CPU.Build.0 = Release|Any CPU
		{09C6C1AD-1283-491B-ABC9-E6844AC1632A}.Debug|Any CPU.ActiveCfg = Debug|Any CPU
		{09C6C1AD-1283-491B-ABC9-E6844AC1632A}.Debug|Any CPU.Build.0 = Debug|Any CPU
		{09C6C1AD-1283-491B-ABC9-E6844AC1632A}.Release|Any CPU.ActiveCfg = Release|Any CPU
		{09C6C1AD-1283-491B-ABC9-E6844AC1632A}.Release|Any CPU.Build.0 = Release|Any CPU
	EndGlobalSection
	GlobalSection(SolutionProperties) = preSolution
		HideSolutionNode = FALSE
	EndGlobalSection
	GlobalSection(ExtensibilityGlobals) = postSolution
		SolutionGuid = {2A019814-8ECA-4B24-8632-4778E6183721}
	EndGlobalSection
	GlobalSection(NDepend) = preSolution
		Project = ".\Inquirer.ndproj"
	EndGlobalSection
EndGlobal
